
Microsoft Visual Studio Solution File, Format Version 12.00
# Visual Studio 15
VisualStudioVersion = 15.0.27428.2015
MinimumVisualStudioVersion = 10.0.40219.1
Project("{8BC9CEB8-8B4A-11D0-8D11-00A0C91BC942}") = "GeneratorGLEngineInstanciater", "GeneratorGLEngineInstanciater\GeneratorGLEngineInstanciater.vcxproj", "{A9A994B8-0D02-44BC-A2B1-206117F7C7E0}"
EndProject
Global
	GlobalSection(SolutionConfigurationPlatforms) = preSolution
		Debug|x64 = Debug|x64
		Debug|x86 = Debug|x86
		Release|x64 = Release|x64
		Release|x86 = Release|x86
	EndGlobalSection
	GlobalSection(ProjectConfigurationPlatforms) = postSolution
		{A9A994B8-0D02-44BC-A2B1-206117F7C7E0}.Debug|x64.ActiveCfg = Debug|x64
		{A9A994B8-0D02-44BC-A2B1-206117F7C7E0}.Debug|x64.Build.0 = Debug|x64
		{A9A994B8-0D02-44BC-A2B1-206117F7C7E0}.Debug|x86.ActiveCfg = Debug|Win32
		{A9A994B8-0D02-44BC-A2B1-206117F7C7E0}.Debug|x86.Build.0 = Debug|Win32
		{A9A994B8-0D02-44BC-A2B1-206117F7C7E0}.Release|x64.ActiveCfg = Release|x64
		{A9A994B8-0D02-44BC-A2B1-206117F7C7E0}.Release|x64.Build.0 = Release|x64
		{A9A994B8-0D02-44BC-A2B1-206117F7C7E0}.Release|x86.ActiveCfg = Release|Win32
		{A9A994B8-0D02-44BC-A2B1-206117F7C7E0}.Release|x86.Build.0 = Release|Win32
	EndGlobalSection
	GlobalSection(SolutionProperties) = preSolution
		HideSolutionNode = FALSE
	EndGlobalSection
	GlobalSection(ExtensibilityGlobals) = postSolution
		SolutionGuid = {22B306B6-91E7-4777-8D23-5D79EA183550}
	EndGlobalSection
EndGlobal
